
Microsoft Visual Studio Solution File, Format Version 12.00
# Visual Studio Version 17
VisualStudioVersion = 17.6.33801.468
MinimumVisualStudioVersion = 10.0.40219.1
Project("{FAE04EC0-301F-11D3-BF4B-00C04F79EFBC}") = "RailwayOrientedDemos", "RailwayOrientedDemos\RailwayOrientedDemos.csproj", "{81F9F44F-5D4F-4C63-A404-DFB2EDC5C410}"
EndProject
Global
	GlobalSection(SolutionConfigurationPlatforms) = preSolution
		Debug|Any CPU = Debug|Any CPU
		Release|Any CPU = Release|Any CPU
	EndGlobalSection
	GlobalSection(ProjectConfigurationPlatforms) = postSolution
		{81F9F44F-5D4F-4C63-A404-DFB2EDC5C410}.Debug|Any CPU.ActiveCfg = Debug|Any CPU
		{81F9F44F-5D4F-4C63-A404-DFB2EDC5C410}.Debug|Any CPU.Build.0 = Debug|Any CPU
		{81F9F44F-5D4F-4C63-A404-DFB2EDC5C410}.Release|Any CPU.ActiveCfg = Release|Any CPU
		{81F9F44F-5D4F-4C63-A404-DFB2EDC5C410}.Release|Any CPU.Build.0 = Release|Any CPU
	EndGlobalSection
	GlobalSection(SolutionProperties) = preSolution
		HideSolutionNode = FALSE
	EndGlobalSection
	GlobalSection(ExtensibilityGlobals) = postSolution
		SolutionGuid = {2815AB46-31BC-4349-93BA-645089890C3A}
	EndGlobalSection
EndGlobal
